<?xml version="1.0" encoding="utf-8"?>
<Project ToolsVersion="4.0" xmlns="http://schemas.microsoft.com/developer/msbuild/2003">
  <ItemGroup>
    <Filter Include="Source Files">
      <UniqueIdentifier>{4FC737F1-C7A5-4376-A066-2A32D752A2FF}</UniqueIdentifier>
      <Extensions>cpp;c;cc;cxx;def;odl;idl;hpj;bat;asm;asmx</Extensions>
    </Filter>
    <Filter Include="Header Files">
      <UniqueIdentifier>{93995380-89BD-4b04-88EB-625FBE52EBFB}</UniqueIdentifier>
      <Extensions>h;hh;hpp;hxx;hm;inl;inc;xsd</Extensions>
    </Filter>
    <Filter Include="Resource Files">
      <UniqueIdentifier>{67DA6AB6-F800-4c08-8B7A-83BB121AAD01}</UniqueIdentifier>
      <Extensions>rc;ico;cur;bmp;dlg;rc2;rct;bin;rgs;gif;jpg;jpeg;jpe;resx;tiff;tif;png;wav;mfcribbon-ms</Extensions>
    </Filter>
    <Filter Include="ProUtilities">
      <UniqueIdentifier>{0f672000-c91f-4e1b-96f3-8a836862cb66}</UniqueIdentifier>
    </Filter>
    <Filter Include="ProMath">
      <UniqueIdentifier>{47292048-7499-4f7d-b3db-d9b2602a5512}</UniqueIdentifier>
    </Filter>
  </ItemGroup>
  <ItemGroup>
    <ClInclude Include="proDefines.h">
      <Filter>ProUtilities</Filter>
    </ClInclude>
    <ClInclude Include="proStrings.h">
      <Filter>ProUtilities</Filter>
    </ClInclude>
    <ClInclude Include="proTypes.h">
      <Filter>ProUtilities</Filter>
    </ClInclude>
    <ClInclude Include="proStdHeaders.h">
      <Filter>ProUtilities</Filter>
    </ClInclude>
    <ClInclude Include="proFwdDecl.h">
      <Filter>ProUtilities</Filter>
    </ClInclude>
    <ClInclude Include="proPrerequisitesUtilities.h">
      <Filter>ProUtilities</Filter>
    </ClInclude>
    <ClInclude Include="proMath.h">
      <Filter>ProMath</Filter>
    </ClInclude>
  </ItemGroup>
  <ItemGroup>
    <ClCompile Include="Temporal.cpp">
      <Filter>ProUtilities</Filter>
    </ClCompile>
  </ItemGroup>
</Project>